PODS:
  - AFNetworking (4.0.1):
    - AFNetworking/NSURLSession (= 4.0.1)
    - AFNetworking/Reachability (= 4.0.1)
    - AFNetworking/Security (= 4.0.1)
    - AFNetworking/Serialization (= 4.0.1)
    - AFNetworking/UIKit (= 4.0.1)
  - AFNetworking/NSURLSession (4.0.1):
    - AFNetworking/Reachability
    - AFNetworking/Security
    - AFNetworking/Serialization
  - AFNetworking/Reachability (4.0.1)
  - AFNetworking/Security (4.0.1)
  - AFNetworking/Serialization (4.0.1)
  - AFNetworking/UIKit (4.0.1):
    - AFNetworking/NSURLSession
  - FGCallKit (0.2.0):
    - AFNetworking (= 4.0.1)
    - pjsip (= 2.9.0.2)
  - pjsip (2.9.0.2)

DEPENDENCIES:
  - AFNetworking (= 4.0.1)
  - FGCallKit (from `../`)
  - pjsip (= 2.9.0.2)

SPEC REPOS:
  trunk:
    - AFNetworking
    - pjsip

EXTERNAL SOURCES:
  FGCallKit:
    :path: "../"

SPEC CHECKSUMS:
  AFNetworking: 7864c38297c79aaca1500c33288e429c3451fdce
  FGCallKit: 2aadb75c87eac3bc1a2ab9a3868bd992b753b52f
  pjsip: faa8aa0e79b341155801b87c2ea3015003d05ed9

PODFILE CHECKSUM: 1cf225da40d24d6b0deaf45a1b8cf8a6f2ffe463

COCOAPODS: 1.11.3
